
Microsoft Visual Studio Solution File, Format Version 12.00
# Visual Studio Version 17
VisualStudioVersion = 17.6.33815.320
MinimumVisualStudioVersion = 10.0.40219.1
Project("{FAE04EC0-301F-11D3-BF4B-00C04F79EFBC}") = "Book_Track", "Book_Track.csproj", "{3CC3FA97-3124-4E36-8E15-E52897755BEE}"
EndProject
Global
	GlobalSection(SolutionConfigurationPlatforms) = preSolution
		Debug|Any CPU = Debug|Any CPU
		Release|Any CPU = Release|Any CPU
	EndGlobalSection
	GlobalSection(ProjectConfigurationPlatforms) = postSolution
		{3CC3FA97-3124-4E36-8E15-E52897755BEE}.Debug|Any CPU.ActiveCfg = Debug|Any CPU
		{3CC3FA97-3124-4E36-8E15-E52897755BEE}.Debug|Any CPU.Build.0 = Debug|Any CPU
		{3CC3FA97-3124-4E36-8E15-E52897755BEE}.Release|Any CPU.ActiveCfg = Release|Any CPU
		{3CC3FA97-3124-4E36-8E15-E52897755BEE}.Release|Any CPU.Build.0 = Release|Any CPU
	EndGlobalSection
	GlobalSection(SolutionProperties) = preSolution
		HideSolutionNode = FALSE
	EndGlobalSection
	GlobalSection(ExtensibilityGlobals) = postSolution
		SolutionGuid = {9ACEB0CD-FD1B-43A7-AAAB-E89E26ECE487}
	EndGlobalSection
EndGlobal
